// !$*UTF8*$!
{
	archiveVersion = 1;
	classes = {
	};
	objectVersion = 46;
	objects = {

/* Begin PBXBuildFile section */
		D06492B61B608AC1000425A4 /* AppDelegate.swift in Sources */ = {isa = PBXBuildFile; fileRef = D06492B51B608AC1000425A4 /* AppDelegate.swift */; };
		D06492B81B608AC1000425A4 /* ViewController.swift in Sources */ = {isa = PBXBuildFile; fileRef = D06492B71B608AC1000425A4 /* ViewController.swift */; };
		D06492BB1B608AC1000425A4 /* Main.storyboard in Resources */ = {isa = PBXBuildFile; fileRef = D06492B91B608AC1000425A4 /* Main.storyboard */; };
		D06492BD1B608AC1000425A4 /* Images.xcassets in Resources */ = {isa = PBXBuildFile; fileRef = D06492BC1B608AC1000425A4 /* Images.xcassets */; };
		D06492C01B608AC1000425A4 /* LaunchScreen.xib in Resources */ = {isa = PBXBuildFile; fileRef = D06492BE1B608AC1000425A4 /* LaunchScreen.xib */; };
/* End PBXBuildFile section */

/* Begin PBXFileReference section */
		D06492B01B608AC1000425A4 /* Word Magnets.app */ = {isa = PBXFileReference; explicitFileType = wrapper.application; includeInIndex = 0; path = "Word Magnets.app"; sourceTree = BUILT_PRODUCTS_DIR; };
		D06492B41B608AC1000425A4 /* Info.plist */ = {isa = PBXFileReference; lastKnownFileType = text.plist.xml; path = Info.plist; sourceTree = "<group>"; };
		D06492B51B608AC1000425A4 /* AppDelegate.swift */ = {isa = PBXFileReference; lastKnownFileType = sourcecode.swift; path = AppDelegate.swift; sourceTree = "<group>"; };
		D06492B71B608AC1000425A4 /* ViewController.swift */ = {isa = PBXFileReference; lastKnownFileType = sourcecode.swift; path = ViewController.swift; sourceTree = "<group>"; };
		D06492BA1B608AC1000425A4 /* Base */ = {isa = PBXFileReference; lastKnownFileType = file.storyboard; name = Base; path = Base.lproj/Main.storyboard; sourceTree = "<group>"; };
		D06492BC1B608AC1000425A4 /* Images.xcassets */ = {isa = PBXFileReference; lastKnownFileType = folder.assetcatalog; path = Images.xcassets; sourceTree = "<group>"; };
		D06492BF1B608AC1000425A4 /* Base */ = {isa = PBXFileReference; lastKnownFileType = file.xib; name = Base; path = Base.lproj/LaunchScreen.xib; sourceTree = "<group>"; };
		D06492CA1B608AC2000425A4 /* Info.plist */ = {isa = PBXFileReference; lastKnownFileType = text.plist.xml; path = Info.plist; sourceTree = "<group>"; };
		D06492CB1B608AC2000425A4 /* Word_MagnetsTests.swift */ = {isa = PBXFileReference; lastKnownFileType = sourcecode.swift; path = Word_MagnetsTests.swift; sourceTree = "<group>"; };
/* End PBXFileReference section */

/* Begin PBXFrameworksBuildPhase section */
		D06492AD1B608AC1000425A4 /* Frameworks */ = {
			isa = PBXFrameworksBuildPhase;
			buildActionMask = 2147483647;
			files = (
			);
			runOnlyForDeploymentPostprocessing = 0;
		};
/* End PBXFrameworksBuildPhase section */

/* Begin PBXGroup section */
		D06492A71B608AC1000425A4 = {
			isa = PBXGroup;
			children = (
				D06492B21B608AC1000425A4 /* Word Magnets */,
				D06492C81B608AC2000425A4 /* Word MagnetsTests */,
				D06492B11B608AC1000425A4 /* Products */,
			);
			sourceTree = "<group>";
		};
		D06492B11B608AC1000425A4 /* Products */ = {
			isa = PBXGroup;
			children = (
				D06492B01B608AC1000425A4 /* Word Magnets.app */,
			);
			name = Products;
			sourceTree = "<group>";
		};
		D06492B21B608AC1000425A4 /* Word Magnets */ = {
			isa = PBXGroup;
			children = (
				D06492B51B608AC1000425A4 /* AppDelegate.swift */,
				D06492B71B608AC1000425A4 /* ViewController.swift */,
				D06492B91B608AC1000425A4 /* Main.storyboard */,
				D06492BC1B608AC1000425A4 /* Images.xcassets */,
				D06492BE1B608AC1000425A4 /* LaunchScreen.xib */,
				D06492B31B608AC1000425A4 /* Supporting Files */,
			);
			path = "Word Magnets";
			sourceTree = "<group>";
		};
		D06492B31B608AC1000425A4 /* Supporting Files */ = {
			isa = PBXGroup;
			children = (
				D06492B41B608AC1000425A4 /* Info.plist */,
			);
			name = "Supporting Files";
			sourceTree = "<group>";
		};
		D06492C81B608AC2000425A4 /* Word MagnetsTests */ = {
			isa = PBXGroup;
			children = (
				D06492CB1B608AC2000425A4 /* Word_MagnetsTests.swift */,
				D06492C91B608AC2000425A4 /* Supporting Files */,
			);
			path = "Word MagnetsTests";
			sourceTree = "<group>";
		};
		D06492C91B608AC2000425A4 /* Supporting Files */ = {
			isa = PBXGroup;
			children = (
				D06492CA1B608AC2000425A4 /* Info.plist */,
			);
			name = "Supporting Files";
			sourceTree = "<group>";
		};
/* End PBXGroup section */

/* Begin PBXNativeTarget section */
		D06492AF1B608AC1000425A4 /* Word Magnets */ = {
			isa = PBXNativeTarget;
			buildConfigurationList = D06492CF1B608AC2000425A4 /* Build configuration list for PBXNativeTarget "Word Magnets" */;
			buildPhases = (
				D06492AC1B608AC1000425A4 /* Sources */,
				D06492AD1B608AC1000425A4 /* Frameworks */,
				D06492AE1B608AC1000425A4 /* Resources */,
			);
			buildRules = (
			);
			dependencies = (
			);
			name = "Word Magnets";
			productName = "Word Magnets";
			productReference = D06492B01B608AC1000425A4 /* Word Magnets.app */;
			productType = "com.apple.product-type.application";
		};
/* End PBXNativeTarget section */

/* Begin PBXProject section */
		D06492A81B608AC1000425A4 /* Project object */ = {
			isa = PBXProject;
			attributes = {
				LastSwiftMigration = 0710;
				LastSwiftUpdateCheck = 0710;
				LastUpgradeCheck = 0800;
				ORGANIZATIONNAME = "Petra Christian University";
				TargetAttributes = {
					D06492AF1B608AC1000425A4 = {
						CreatedOnToolsVersion = 6.4;
						DevelopmentTeam = K8AX4265TY;
						LastSwiftMigration = 0800;
					};
				};
			};
			buildConfigurationList = D06492AB1B608AC1000425A4 /* Build configuration list for PBXProject "Word Magnets" */;
			compatibilityVersion = "Xcode 3.2";
			developmentRegion = English;
			hasScannedForEncodings = 0;
			knownRegions = (
				en,
				Base,
			);
			mainGroup = D06492A71B608AC1000425A4;
			productRefGroup = D06492B11B608AC1000425A4 /* Products */;
			projectDirPath = "";
			projectRoot = "";
			targets = (
				D06492AF1B608AC1000425A4 /* Word Magnets */,
			);
		};
/* End PBXProject section */

/* Begin PBXResourcesBuildPhase section */
		D06492AE1B608AC1000425A4 /* Resources */ = {
			isa = PBXResourcesBuildPhase;
			buildActionMask = 2147483647;
			files = (
				D06492BB1B608AC1000425A4 /* Main.storyboard in Resources */,
				D06492C01B608AC1000425A4 /* LaunchScreen.xib in Resources */,
				D06492BD1B608AC1000425A4 /* Images.xcassets in Resources */,
			);
			runOnlyForDeploymentPostprocessing = 0;
		};
/* End PBXResourcesBuildPhase section */

/* Begin PBXSourcesBuildPhase section */
		D06492AC1B608AC1000425A4 /* Sources */ = {
			isa = PBXSourcesBuildPhase;
			buildActionMask = 2147483647;
			files = (
				D06492B81B608AC1000425A4 /* ViewController.swift in Sources */,
				D06492B61B608AC1000425A4 /* AppDelegate.swift in Sources */,
			);
			runOnlyForDeploymentPostprocessing = 0;
		};
/* End PBXSourcesBuildPhase section */

/* Begin PBXVariantGroup section */
		D06492B91B608AC1000425A4 /* Main.storyboard */ = {
			isa = PBXVariantGroup;
			children = (
				D06492BA1B608AC1000425A4 /* Base */,
			);
			name = Main.storyboard;
			sourceTree = "<group>";
		};
		D06492BE1B608AC1000425A4 /* LaunchScreen.xib */ = {
			isa = PBXVariantGroup;
			children = (
				D06492BF1B608AC1000425A4 /* Base */,
			);
			name = LaunchScreen.xib;
			sourceTree = "<group>";
		};
/* End PBXVariantGroup section */

/* Begin XCBuildConfiguration section */
		D06492CD1B608AC2000425A4 /* Debug */ = {
			isa = XCBuildConfiguration;
			buildSettings = {
				ALWAYS_SEARCH_USER_PATHS = NO;
				CLANG_CXX_LANGUAGE_STANDARD = "gnu++0x";
				CLANG_CXX_LIBRARY = "libc++";
				CLANG_ENABLE_MODULES = YES;
				CLANG_ENABLE_OBJC_ARC = YES;
				CLANG_WARN_BOOL_CONVERSION = YES;
				CLANG_WARN_CONSTANT_CONVERSION = YES;
				CLANG_WARN_DIRECT_OBJC_ISA_USAGE = YES_ERROR;
				CLANG_WARN_EMPTY_BODY = YES;
				CLANG_WARN_ENUM_CONVERSION = YES;
				CLANG_WARN_INFINITE_RECURSION = YES;
				CLANG_WARN_INT_CONVERSION = YES;
				CLANG_WARN_OBJC_ROOT_CLASS = YES_ERROR;
				CLANG_WARN_SUSPICIOUS_MOVE = YES;
				CLANG_WARN_UNREACHABLE_CODE = YES;
				CLANG_WARN__DUPLICATE_METHOD_MATCH = YES;
				"CODE_SIGN_IDENTITY[sdk=iphoneos*]" = "iPhone Developer";
				COPY_PHASE_STRIP = NO;
				DEBUG_INFORMATION_FORMAT = "dwarf-with-dsym";
				ENABLE_STRICT_OBJC_MSGSEND = YES;
				ENABLE_TESTABILITY = YES;
				GCC_C_LANGUAGE_STANDARD = gnu99;
				GCC_DYNAMIC_NO_PIC = NO;
				GCC_NO_COMMON_BLOCKS = YES;
				GCC_OPTIMIZATION_LEVEL = 0;
				GCC_PREPROCESSOR_DEFINITIONS = (
					"DEBUG=1",
					"$(inherited)",
				);
				GCC_SYMBOLS_PRIVATE_EXTERN = NO;
				GCC_WARN_64_TO_32_BIT_CONVERSION = YES;
				GCC_WARN_ABOUT_RETURN_TYPE = YES_ERROR;
				GCC_WARN_UNDECLARED_SELECTOR = YES;
				GCC_WARN_UNINITIALIZED_AUTOS = YES_AGGRESSIVE;
				GCC_WARN_UNUSED_FUNCTION = YES;
				GCC_WARN_UNUSED_VARIABLE = YES;
				IPHONEOS_DEPLOYMENT_TARGET = 8.4;
				MTL_ENABLE_DEBUG_INFO = YES;
				ONLY_ACTIVE_ARCH = YES;
				SDKROOT = iphoneos;
				SWIFT_OPTIMIZATION_LEVEL = "-Onone";
				TARGETED_DEVICE_FAMILY = "1,2";
			};
			name = Debug;
		};
		D06492CE1B608AC2000425A4 /* Release */ = {
			isa = XCBuildConfiguration;
			buildSettings = {
				ALWAYS_SEARCH_USER_PATHS = NO;
				CLANG_CXX_LANGUAGE_STANDARD = "gnu++0x";
				CLANG_CXX_LIBRARY = "libc++";
				CLANG_ENABLE_MODULES = YES;
				CLANG_ENABLE_OBJC_ARC = YES;
				CLANG_WARN_BOOL_CONVERSION = YES;
				CLANG_WARN_CONSTANT_CONVERSION = YES;
				CLANG_WARN_DIRECT_OBJC_ISA_USAGE = YES_ERROR;
				CLANG_WARN_EMPTY_BODY = YES;
				CLANG_WARN_ENUM_CONVERSION = YES;
				CLANG_WARN_INFINITE_RECURSION = YES;
				CLANG_WARN_INT_CONVERSION = YES;
				CLANG_WARN_OBJC_ROOT_CLASS = YES_ERROR;
				CLANG_WARN_SUSPICIOUS_MOVE = YES;
				CLANG_WARN_UNREACHABLE_CODE = YES;
				CLANG_WARN__DUPLICATE_METHOD_MATCH = YES;
				"CODE_SIGN_IDENTITY[sdk=iphoneos*]" = "iPhone Developer";
				COPY_PHASE_STRIP = NO;
				DEBUG_INFORMATION_FORMAT = "dwarf-with-dsym";
				ENABLE_NS_ASSERTIONS = NO;
				ENABLE_STRICT_OBJC_MSGSEND = YES;
				GCC_C_LANGUAGE_STANDARD = gnu99;
				GCC_NO_COMMON_BLOCKS = YES;
				GCC_WARN_64_TO_32_BIT_CONVERSION = YES;
				GCC_WARN_ABOUT_RETURN_TYPE = YES_ERROR;
				GCC_WARN_UNDECLARED_SELECTOR = YES;
				GCC_WARN_UNINITIALIZED_AUTOS = YES_AGGRESSIVE;
				GCC_WARN_UNUSED_FUNCTION = YES;
				GCC_WARN_UNUSED_VARIABLE = YES;
				IPHONEOS_DEPLOYMENT_TARGET = 8.4;
				MTL_ENABLE_DEBUG_INFO = NO;
				SDKROOT = iphoneos;
				SWIFT_OPTIMIZATION_LEVEL = "-Owholemodule";
				TARGETED_DEVICE_FAMILY = "1,2";
				VALIDATE_PRODUCT = YES;
			};
			name = Release;
		};
		D06492D01B608AC2000425A4 /* Debug */ = {
			isa = XCBuildConfiguration;
			buildSettings = {
				ASSETCATALOG_COMPILER_APPICON_NAME = AppIcon;
				CODE_SIGN_IDENTITY = "iPhone Developer";
				INFOPLIST_FILE = "Word Magnets/Info.plist";
				LD_RUNPATH_SEARCH_PATHS = "$(inherited) @executable_path/Frameworks";
				PRODUCT_BUNDLE_IDENTIFIER = "id.ac.petra.$(PRODUCT_NAME:rfc1034identifier)";
				PRODUCT_NAME = "$(TARGET_NAME)";
				SWIFT_VERSION = 3.0;
			};
			name = Debug;
		};
		D06492D11B608AC2000425A4 /* Release */ = {
			isa = XCBuildConfiguration;
			buildSettings = {
				ASSETCATALOG_COMPILER_APPICON_NAME = AppIcon;
				CODE_SIGN_IDENTITY = "iPhone Developer";
				INFOPLIST_FILE = "Word Magnets/Info.plist";
				LD_RUNPATH_SEARCH_PATHS = "$(inherited) @executable_path/Frameworks";
				PRODUCT_BUNDLE_IDENTIFIER = "id.ac.petra.$(PRODUCT_NAME:rfc1034identifier)";
				PRODUCT_NAME = "$(TARGET_NAME)";
				SWIFT_VERSION = 3.0;
			};
			name = Release;
		};
/* End XCBuildConfiguration section */

/* Begin XCConfigurationList section */
		D06492AB1B608AC1000425A4 /* Build configuration list for PBXProject "Word Magnets" */ = {
			isa = XCConfigurationList;
			buildConfigurations = (
				D06492CD1B608AC2000425A4 /* Debug */,
				D06492CE1B608AC2000425A4 /* Release */,
			);
			defaultConfigurationIsVisible = 0;
			defaultConfigurationName = Release;
		};
		D06492CF1B608AC2000425A4 /* Build configuration list for PBXNativeTarget "Word Magnets" */ = {
			isa = XCConfigurationList;
			buildConfigurations = (
				D06492D01B608AC2000425A4 /* Debug */,
				D06492D11B608AC2000425A4 /* Release */,
			);
			defaultConfigurationIsVisible = 0;
			defaultConfigurationName = Release;
		};
/* End XCConfigurationList section */
	};
	rootObject = D06492A81B608AC1000425A4 /* Project object */;
}
